{
  "name": "openclaw-status-update-ui-lab",
  "version": "0.1.0",
  "lockfileVersion": 3,
  "requires": true,
  "packages": {
    "": {
      "name": "openclaw-status-update-ui-lab",
      "version": "0.1.0",
      "license": "UNLICENSED",
      "dependencies": {
        "typebox": "1.1.37"
      },
      "peerDependencies": {
        "openclaw": ">=2026.5.7"
      },
      "peerDependenciesMeta": {
        "openclaw": {
          "optional": true
        }
      }
    },
    "node_modules/typebox": {
      "version": "1.1.37",
      "resolved": "https://registry.npmjs.org/typebox/-/typebox-1.1.37.tgz",
      "integrity": "sha512-jb7jp6KvOvvy5sd+11AfJ0/e0F0AS9RcOXd55oGi2ZnRHIGmFvrTaNF+ZidRmGBmmNTkM5KKl0Z37KzxJ+owEQ==",
      "license": "MIT"
    }
  }
}
