{
  "name": "openclaw-status-update-ui-lab",
  "version": "0.4.0",
  "lockfileVersion": 3,
  "requires": true,
  "packages": {
    "": {
      "name": "openclaw-status-update-ui-lab",
      "version": "0.4.0",
      "license": "UNLICENSED",
      "peerDependencies": {
        "openclaw": ">=2026.7.1-2"
      },
      "peerDependenciesMeta": {
        "openclaw": {
          "optional": true
        }
      }
    }
  }
}
